
Microsoft Visual Studio Solution File, Format Version 12.00
# Visual Studio Version 17
VisualStudioVersion = 17.11.35327.3
MinimumVisualStudioVersion = 10.0.40219.1
Project("{FAE04EC0-301F-11D3-BF4B-00C04F79EFBC}") = "Exercicio 1", "Exercicio 1\Exercicio 1.csproj", "{D1A7B37F-0C3D-472C-8453-A39FB2DF8642}"
EndProject
Global
	GlobalSection(SolutionConfigurationPlatforms) = preSolution
		Debug|Any CPU = Debug|Any CPU
		Release|Any CPU = Release|Any CPU
	EndGlobalSection
	GlobalSection(ProjectConfigurationPlatforms) = postSolution
		{D1A7B37F-0C3D-472C-8453-A39FB2DF8642}.Debug|Any CPU.ActiveCfg = Debug|Any CPU
		{D1A7B37F-0C3D-472C-8453-A39FB2DF8642}.Debug|Any CPU.Build.0 = Debug|Any CPU
		{D1A7B37F-0C3D-472C-8453-A39FB2DF8642}.Release|Any CPU.ActiveCfg = Release|Any CPU
		{D1A7B37F-0C3D-472C-8453-A39FB2DF8642}.Release|Any CPU.Build.0 = Release|Any CPU
	EndGlobalSection
	GlobalSection(SolutionProperties) = preSolution
		HideSolutionNode = FALSE
	EndGlobalSection
	GlobalSection(ExtensibilityGlobals) = postSolution
		SolutionGuid = {DF1A45B6-577A-42CC-A201-688EF6190BD1}
	EndGlobalSection
EndGlobal
